
Microsoft Visual Studio Solution File, Format Version 12.00
# Visual Studio Version 17
VisualStudioVersion = 17.10.35122.118
MinimumVisualStudioVersion = 10.0.40219.1
Project("{FAE04EC0-301F-11D3-BF4B-00C04F79EFBC}") = "Client", "Client\Client.csproj", "{DC01FD34-D880-4D1C-BC49-3381A06B64B6}"
EndProject
Project("{FAE04EC0-301F-11D3-BF4B-00C04F79EFBC}") = "ServerSide", "ServerSide\ServerSide.csproj", "{42679A03-0F1D-4DF6-97E1-82BA89FCEE3C}"
EndProject
Project("{2150E333-8FDC-42A3-9474-1A3956D46DE8}") = "Docs", "Docs", "{7CBA3A3D-C063-43FF-A91B-17EFBC7A4D2A}"
EndProject
Project("{2150E333-8FDC-42A3-9474-1A3956D46DE8}") = "Src", "Src", "{6FACC0B9-CB92-4FDD-B4D0-6BC2A9C96BEA}"
EndProject
Project("{2150E333-8FDC-42A3-9474-1A3956D46DE8}") = "Test", "Test", "{BBD5A5AD-380C-4458-B946-2C215CC071E9}"
EndProject
Project("{2150E333-8FDC-42A3-9474-1A3956D46DE8}") = "Domain", "Domain", "{6A32DAB6-60A1-4465-973E-947BAE45684D}"
EndProject
Project("{2150E333-8FDC-42A3-9474-1A3956D46DE8}") = "Application", "Application", "{D2E098B1-89DE-4E15-A56A-51253CF8CAA0}"
EndProject
Project("{2150E333-8FDC-42A3-9474-1A3956D46DE8}") = "Persistance", "Persistance", "{3C3C8E9F-B91C-425D-90B2-229C92308D12}"
EndProject
Project("{2150E333-8FDC-42A3-9474-1A3956D46DE8}") = "EndPoint", "EndPoint", "{308695A3-44FA-4E7F-BFC6-7AAC7DCBF0DE}"
EndProject
Project("{FAE04EC0-301F-11D3-BF4B-00C04F79EFBC}") = "SystemInfo.Domain", "SystemInfo.Domain\SystemInfo.Domain.csproj", "{3358E415-701B-415C-8641-E7EAD8A43143}"
EndProject
Project("{FAE04EC0-301F-11D3-BF4B-00C04F79EFBC}") = "SystemInfo.Application", "SystemInfo.Application\SystemInfo.Application.csproj", "{F023834F-C128-4EA0-B397-04BECCC11A42}"
EndProject
Project("{FAE04EC0-301F-11D3-BF4B-00C04F79EFBC}") = "SystemInfo.Persistance", "SystemInfo.Persistance\SystemInfo.Persistance.csproj", "{D236FAF8-1BD3-4227-9BE2-DA8ADC542372}"
EndProject
Global
	GlobalSection(SolutionConfigurationPlatforms) = preSolution
		Debug|Any CPU = Debug|Any CPU
		Release|Any CPU = Release|Any CPU
	EndGlobalSection
	GlobalSection(ProjectConfigurationPlatforms) = postSolution
		{DC01FD34-D880-4D1C-BC49-3381A06B64B6}.Debug|Any CPU.ActiveCfg = Debug|Any CPU
		{DC01FD34-D880-4D1C-BC49-3381A06B64B6}.Debug|Any CPU.Build.0 = Debug|Any CPU
		{DC01FD34-D880-4D1C-BC49-3381A06B64B6}.Release|Any CPU.ActiveCfg = Release|Any CPU
		{DC01FD34-D880-4D1C-BC49-3381A06B64B6}.Release|Any CPU.Build.0 = Release|Any CPU
		{42679A03-0F1D-4DF6-97E1-82BA89FCEE3C}.Debug|Any CPU.ActiveCfg = Debug|Any CPU
		{42679A03-0F1D-4DF6-97E1-82BA89FCEE3C}.Debug|Any CPU.Build.0 = Debug|Any CPU
		{42679A03-0F1D-4DF6-97E1-82BA89FCEE3C}.Release|Any CPU.ActiveCfg = Release|Any CPU
		{42679A03-0F1D-4DF6-97E1-82BA89FCEE3C}.Release|Any CPU.Build.0 = Release|Any CPU
		{3358E415-701B-415C-8641-E7EAD8A43143}.Debug|Any CPU.ActiveCfg = Debug|Any CPU
		{3358E415-701B-415C-8641-E7EAD8A43143}.Debug|Any CPU.Build.0 = Debug|Any CPU
		{3358E415-701B-415C-8641-E7EAD8A43143}.Release|Any CPU.ActiveCfg = Release|Any CPU
		{3358E415-701B-415C-8641-E7EAD8A43143}.Release|Any CPU.Build.0 = Release|Any CPU
		{F023834F-C128-4EA0-B397-04BECCC11A42}.Debug|Any CPU.ActiveCfg = Debug|Any CPU
		{F023834F-C128-4EA0-B397-04BECCC11A42}.Debug|Any CPU.Build.0 = Debug|Any CPU
		{F023834F-C128-4EA0-B397-04BECCC11A42}.Release|Any CPU.ActiveCfg = Release|Any CPU
		{F023834F-C128-4EA0-B397-04BECCC11A42}.Release|Any CPU.Build.0 = Release|Any CPU
		{D236FAF8-1BD3-4227-9BE2-DA8ADC542372}.Debug|Any CPU.ActiveCfg = Debug|Any CPU
		{D236FAF8-1BD3-4227-9BE2-DA8ADC542372}.Debug|Any CPU.Build.0 = Debug|Any CPU
		{D236FAF8-1BD3-4227-9BE2-DA8ADC542372}.Release|Any CPU.ActiveCfg = Release|Any CPU
		{D236FAF8-1BD3-4227-9BE2-DA8ADC542372}.Release|Any CPU.Build.0 = Release|Any CPU
	EndGlobalSection
	GlobalSection(SolutionProperties) = preSolution
		HideSolutionNode = FALSE
	EndGlobalSection
	GlobalSection(NestedProjects) = preSolution
		{DC01FD34-D880-4D1C-BC49-3381A06B64B6} = {308695A3-44FA-4E7F-BFC6-7AAC7DCBF0DE}
		{42679A03-0F1D-4DF6-97E1-82BA89FCEE3C} = {308695A3-44FA-4E7F-BFC6-7AAC7DCBF0DE}
		{6A32DAB6-60A1-4465-973E-947BAE45684D} = {6FACC0B9-CB92-4FDD-B4D0-6BC2A9C96BEA}
		{D2E098B1-89DE-4E15-A56A-51253CF8CAA0} = {6FACC0B9-CB92-4FDD-B4D0-6BC2A9C96BEA}
		{3C3C8E9F-B91C-425D-90B2-229C92308D12} = {6FACC0B9-CB92-4FDD-B4D0-6BC2A9C96BEA}
		{308695A3-44FA-4E7F-BFC6-7AAC7DCBF0DE} = {6FACC0B9-CB92-4FDD-B4D0-6BC2A9C96BEA}
		{3358E415-701B-415C-8641-E7EAD8A43143} = {6A32DAB6-60A1-4465-973E-947BAE45684D}
		{F023834F-C128-4EA0-B397-04BECCC11A42} = {D2E098B1-89DE-4E15-A56A-51253CF8CAA0}
		{D236FAF8-1BD3-4227-9BE2-DA8ADC542372} = {3C3C8E9F-B91C-425D-90B2-229C92308D12}
	EndGlobalSection
	GlobalSection(ExtensibilityGlobals) = postSolution
		SolutionGuid = {4E872873-54F2-40E0-B84C-8742FDB25D3F}
	EndGlobalSection
EndGlobal
